
Microsoft Visual Studio Solution File, Format Version 12.00
# Visual Studio 15
VisualStudioVersion = 15.0.28010.2048
MinimumVisualStudioVersion = 10.0.40219.1
Project("{FAE04EC0-301F-11D3-BF4B-00C04F79EFBC}") = "Coding for Kids", "Coding for Kids\Coding for Kids.csproj", "{8FF34A98-CE57-4E36-A39D-C896F32F7312}"
EndProject
Global
	GlobalSection(SolutionConfigurationPlatforms) = preSolution
		Debug|Any CPU = Debug|Any CPU
		Release|Any CPU = Release|Any CPU
	EndGlobalSection
	GlobalSection(ProjectConfigurationPlatforms) = postSolution
		{8FF34A98-CE57-4E36-A39D-C896F32F7312}.Debug|Any CPU.ActiveCfg = Debug|Any CPU
		{8FF34A98-CE57-4E36-A39D-C896F32F7312}.Debug|Any CPU.Build.0 = Debug|Any CPU
		{8FF34A98-CE57-4E36-A39D-C896F32F7312}.Release|Any CPU.ActiveCfg = Release|Any CPU
		{8FF34A98-CE57-4E36-A39D-C896F32F7312}.Release|Any CPU.Build.0 = Release|Any CPU
	EndGlobalSection
	GlobalSection(SolutionProperties) = preSolution
		HideSolutionNode = FALSE
	EndGlobalSection
	GlobalSection(ExtensibilityGlobals) = postSolution
		SolutionGuid = {5453F274-1E76-45D4-9BEA-B9656E36F3A8}
	EndGlobalSection
EndGlobal
