
Microsoft Visual Studio Solution File, Format Version 12.00
# Visual Studio 2012
Project("{FAE04EC0-301F-11D3-BF4B-00C04F79EFBC}") = "WindowsFormsApplication1", "WindowsFormsApplication1\WindowsFormsApplication1.csproj", "{FC31867B-62C2-40BC-BE99-04A01E8911EF}"
EndProject
Global
	GlobalSection(SolutionConfigurationPlatforms) = preSolution
		Debug|Any CPU = Debug|Any CPU
		Release|Any CPU = Release|Any CPU
	EndGlobalSection
	GlobalSection(ProjectConfigurationPlatforms) = postSolution
		{FC31867B-62C2-40BC-BE99-04A01E8911EF}.Debug|Any CPU.ActiveCfg = Debug|Any CPU
		{FC31867B-62C2-40BC-BE99-04A01E8911EF}.Debug|Any CPU.Build.0 = Debug|Any CPU
		{FC31867B-62C2-40BC-BE99-04A01E8911EF}.Release|Any CPU.ActiveCfg = Release|Any CPU
		{FC31867B-62C2-40BC-BE99-04A01E8911EF}.Release|Any CPU.Build.0 = Release|Any CPU
	EndGlobalSection
	GlobalSection(SolutionProperties) = preSolution
		HideSolutionNode = FALSE
	EndGlobalSection
EndGlobal
